{
    "_readme": [
        "This file locks the dependencies of your project to a known state",
        "Read more about it at http://getcomposer.org/doc/01-basic-usage.md#composer-lock-the-lock-file"
    ],
    "hash": "68e68a011259c3c8a72e31d3f5e470cd",
    "packages": [
        {
            "name": "atk4/atk4",
            "version": "dev-master",
            "source": {
                "type": "git",
                "url": "git@github.com:atk4/atk4.git",
                "reference": "origin/master"
            },
            "dist": {
                "type": "zip",
                "url": "http://agiletoolkit.org/distfiles/agiletoolkit-4.2.4.zip",
                "reference": null,
                "shasum": null
            },
            "type": "library",
            "autoload": {
                "psr-0": {
                    "": "lib/"
                },
                "files": [
                    "/lib/static.php"
                ]
            },
            "notification-url": "https://packagist.org/downloads/",
            "homepage": "https://agiletoolkit.org/",
            "keywords": [
                "atk4",
                "framework"
            ],
            "time": "2013-09-17 18:00:25"
        },
        {
            "name": "dflydev/markdown",
            "version": "dev-master",
            "source": {
                "type": "git",
                "url": "https://github.com/dflydev/dflydev-markdown.git",
                "reference": "11f8faa2d17f717a038b4d372abd22a6ac4a15dc"
            },
            "dist": {
                "type": "zip",
                "url": "https://api.github.com/repos/dflydev/dflydev-markdown/zipball/11f8faa2d17f717a038b4d372abd22a6ac4a15dc",
                "reference": "11f8faa2d17f717a038b4d372abd22a6ac4a15dc",
                "shasum": ""
            },
            "require": {
                "php": ">=5.3"
            },
            "type": "library",
            "extra": {
                "branch-alias": {
                    "dev-master": "1.0-dev"
                }
            },
            "autoload": {
                "psr-0": {
                    "dflydev\\markdown": "src"
                }
            },
            "notification-url": "https://packagist.org/downloads/",
            "license": [
                "BSD-3-Clause"
            ],
            "authors": [
                {
                    "name": "Dragonfly Development Inc.",
                    "email": "info@dflydev.com",
                    "homepage": "http://dflydev.com"
                },
                {
                    "name": "Beau Simensen",
                    "email": "beau@dflydev.com",
                    "homepage": "http://beausimensen.com"
                },
                {
                    "name": "Michel Fortin",
                    "homepage": "http://michelf.com"
                },
                {
                    "name": "John Gruber",
                    "homepage": "http://daringfireball.net"
                }
            ],
            "description": "PHP Markdown & Extra",
            "homepage": "http://github.com/dflydev/dflydev-markdown",
            "keywords": [
                "markdown"
            ],
            "time": "2012-07-15 16:31:27"
        },
        {
            "name": "guzzle/common",
            "version": "v3.7.3",
            "target-dir": "Guzzle/Common",
            "source": {
                "type": "git",
                "url": "https://github.com/guzzle/common.git",
                "reference": "bf73c87375f60861f8c7ccc7b95878023ade5306"
            },
            "dist": {
                "type": "zip",
                "url": "https://api.github.com/repos/guzzle/common/zipball/bf73c87375f60861f8c7ccc7b95878023ade5306",
                "reference": "bf73c87375f60861f8c7ccc7b95878023ade5306",
                "shasum": ""
            },
            "require": {
                "php": ">=5.3.2",
                "symfony/event-dispatcher": ">=2.1"
            },
            "type": "library",
            "extra": {
                "branch-alias": {
                    "dev-master": "3.7-dev"
                }
            },
            "autoload": {
                "psr-0": {
                    "Guzzle\\Common": ""
                }
            },
            "notification-url": "https://packagist.org/downloads/",
            "license": [
                "MIT"
            ],
            "description": "Common libraries used by Guzzle",
            "homepage": "http://guzzlephp.org/",
            "keywords": [
                "collection",
                "common",
                "event",
                "exception"
            ],
            "time": "2013-09-08 21:09:18"
        },
        {
            "name": "guzzle/http",
            "version": "v3.7.3",
            "target-dir": "Guzzle/Http",
            "source": {
                "type": "git",
                "url": "https://github.com/guzzle/http.git",
                "reference": "1034125dfd906b73119e535f03153a62fccb1989"
            },
            "dist": {
                "type": "zip",
                "url": "https://api.github.com/repos/guzzle/http/zipball/1034125dfd906b73119e535f03153a62fccb1989",
                "reference": "1034125dfd906b73119e535f03153a62fccb1989",
                "shasum": ""
            },
            "require": {
                "guzzle/common": "self.version",
                "guzzle/parser": "self.version",
                "guzzle/stream": "self.version",
                "php": ">=5.3.2"
            },
            "suggest": {
                "ext-curl": "*"
            },
            "type": "library",
            "extra": {
                "branch-alias": {
                    "dev-master": "3.7-dev"
                }
            },
            "autoload": {
                "psr-0": {
                    "Guzzle\\Http": ""
                }
            },
            "notification-url": "https://packagist.org/downloads/",
            "license": [
                "MIT"
            ],
            "authors": [
                {
                    "name": "Michael Dowling",
                    "email": "mtdowling@gmail.com",
                    "homepage": "https://github.com/mtdowling"
                }
            ],
            "description": "HTTP libraries used by Guzzle",
            "homepage": "http://guzzlephp.org/",
            "keywords": [
                "Guzzle",
                "client",
                "curl",
                "http",
                "http client"
            ],
            "time": "2013-09-06 11:34:26"
        },
        {
            "name": "guzzle/parser",
            "version": "v3.7.3",
            "target-dir": "Guzzle/Parser",
            "source": {
                "type": "git",
                "url": "https://github.com/guzzle/parser.git",
                "reference": "a25c2ddda1c52fb69a4ee56eb530b13ddd9573c2"
            },
            "dist": {
                "type": "zip",
                "url": "https://api.github.com/repos/guzzle/parser/zipball/a25c2ddda1c52fb69a4ee56eb530b13ddd9573c2",
                "reference": "a25c2ddda1c52fb69a4ee56eb530b13ddd9573c2",
                "shasum": ""
            },
            "require": {
                "php": ">=5.3.2"
            },
            "type": "library",
            "extra": {
                "branch-alias": {
                    "dev-master": "3.7-dev"
                }
            },
            "autoload": {
                "psr-0": {
                    "Guzzle\\Parser": ""
                }
            },
            "notification-url": "https://packagist.org/downloads/",
            "license": [
                "MIT"
            ],
            "description": "Interchangeable parsers used by Guzzle",
            "homepage": "http://guzzlephp.org/",
            "keywords": [
                "URI Template",
                "cookie",
                "http",
                "message",
                "url"
            ],
            "time": "2013-07-11 22:46:03"
        },
        {
            "name": "guzzle/stream",
            "version": "v3.7.3",
            "target-dir": "Guzzle/Stream",
            "source": {
                "type": "git",
                "url": "https://github.com/guzzle/stream.git",
                "reference": "a86111d9ac7db31d65a053c825869409fe8fc83f"
            },
            "dist": {
                "type": "zip",
                "url": "https://api.github.com/repos/guzzle/stream/zipball/a86111d9ac7db31d65a053c825869409fe8fc83f",
                "reference": "a86111d9ac7db31d65a053c825869409fe8fc83f",
                "shasum": ""
            },
            "require": {
                "guzzle/common": "self.version",
                "php": ">=5.3.2"
            },
            "suggest": {
                "guzzle/http": "To convert Guzzle request objects to PHP streams"
            },
            "type": "library",
            "extra": {
                "branch-alias": {
                    "dev-master": "3.7-dev"
                }
            },
            "autoload": {
                "psr-0": {
                    "Guzzle\\Stream": ""
                }
            },
            "notification-url": "https://packagist.org/downloads/",
            "license": [
                "MIT"
            ],
            "authors": [
                {
                    "name": "Michael Dowling",
                    "email": "mtdowling@gmail.com",
                    "homepage": "https://github.com/mtdowling"
                }
            ],
            "description": "Guzzle stream wrapper component",
            "homepage": "http://guzzlephp.org/",
            "keywords": [
                "Guzzle",
                "component",
                "stream"
            ],
            "time": "2013-07-30 22:07:23"
        },
        {
            "name": "omnipay/omnipay",
            "version": "v1.0.3",
            "source": {
                "type": "git",
                "url": "https://github.com/adrianmacneil/omnipay.git",
                "reference": "2145cd43e467f41f66bfc41347f9e97b5bf20d37"
            },
            "dist": {
                "type": "zip",
                "url": "https://api.github.com/repos/adrianmacneil/omnipay/zipball/2145cd43e467f41f66bfc41347f9e97b5bf20d37",
                "reference": "2145cd43e467f41f66bfc41347f9e97b5bf20d37",
                "shasum": ""
            },
            "require": {
                "guzzle/http": "~3.1",
                "php": ">=5.3.2",
                "symfony/http-foundation": "~2.1"
            },
            "require-dev": {
                "guzzle/plugin-mock": "~3.1",
                "mockery/mockery": "~0.7",
                "phpunit/phpunit": "~3.7.16",
                "silex/silex": "1.0.*@dev",
                "squizlabs/php_codesniffer": "~1.4.4",
                "twig/twig": "~1.12"
            },
            "type": "library",
            "autoload": {
                "psr-0": {
                    "Omnipay": "src/"
                }
            },
            "notification-url": "https://packagist.org/downloads/",
            "license": [
                "MIT"
            ],
            "authors": [
                {
                    "name": "Adrian Macneil",
                    "email": "adrian@adrianmacneil.com"
                }
            ],
            "description": "A framework agnostic, multi-gateway payment processing library",
            "homepage": "https://github.com/adrianmacneil/omnipay",
            "keywords": [
                "2checkout",
                "2co",
                "auth.net",
                "authorize",
                "authorize.net",
                "buckaroo",
                "cardsave",
                "commweb",
                "dps",
                "egate",
                "eway",
                "express",
                "gateway",
                "gocardless",
                "ideal",
                "merchant",
                "migs",
                "mollie",
                "netaxept",
                "netbanx",
                "pay",
                "payfast",
                "payflow",
                "payment",
                "paymentexpress",
                "paypal",
                "pin",
                "purchase",
                "rapid",
                "sagepay",
                "securepay",
                "stripe",
                "tala",
                "tala-payments",
                "twocheckout",
                "worldpay"
            ],
            "time": "2013-08-28 16:13:54"
        },
        {
            "name": "opauth/facebook",
            "version": "0.2.1",
            "source": {
                "type": "git",
                "url": "git://github.com/uzyn/opauth-facebook.git",
                "reference": "0.2.1"
            },
            "dist": {
                "type": "zip",
                "url": "https://github.com/uzyn/opauth-facebook/zipball/0.2.1",
                "reference": "0.2.1",
                "shasum": ""
            },
            "require": {
                "opauth/opauth": ">=0.2.0",
                "php": ">=5.2.0"
            },
            "type": "library",
            "autoload": {
                "psr-0": {
                    "": "."
                }
            },
            "notification-url": "https://packagist.org/downloads/",
            "license": [
                "MIT"
            ],
            "authors": [
                {
                    "name": "U-Zyn Chua",
                    "email": "chua@uzyn.com",
                    "homepage": "http://uzyn.com"
                }
            ],
            "description": "Facebook strategy for Opauth",
            "homepage": "http://opauth.org",
            "keywords": [
                "Authentication",
                "auth",
                "facebook"
            ],
            "time": "2012-09-20 21:47:35"
        },
        {
            "name": "opauth/github",
            "version": "0.1.0",
            "source": {
                "type": "git",
                "url": "https://github.com/uzyn/opauth-github",
                "reference": "0.1.0"
            },
            "dist": {
                "type": "zip",
                "url": "https://github.com/uzyn/opauth-github/zipball/0.1.0",
                "reference": "0.1.0",
                "shasum": ""
            },
            "require": {
                "opauth/opauth": ">=0.4.0",
                "php": ">=5.2.0"
            },
            "type": "library",
            "autoload": {
                "psr-0": {
                    "": "."
                }
            },
            "notification-url": "https://packagist.org/downloads/",
            "license": [
                "MIT"
            ],
            "authors": [
                {
                    "name": "U-Zyn Chua",
                    "email": "chua@uzyn.com",
                    "homepage": "http://uzyn.com"
                }
            ],
            "description": "GitHub authentication strategy for Opauth",
            "homepage": "http://opauth.org",
            "keywords": [
                "Authentication",
                "auth",
                "github"
            ],
            "time": "2012-07-22 23:13:59"
        },
        {
            "name": "opauth/google",
            "version": "0.2.2",
            "source": {
                "type": "git",
                "url": "git://github.com/uzyn/opauth-google.git",
                "reference": "0.2.2"
            },
            "dist": {
                "type": "zip",
                "url": "https://github.com/uzyn/opauth-google/zipball/0.2.2",
                "reference": "0.2.2",
                "shasum": ""
            },
            "require": {
                "opauth/opauth": ">=0.2.0",
                "php": ">=5.2.0"
            },
            "type": "library",
            "autoload": {
                "psr-0": {
                    "": "."
                }
            },
            "notification-url": "https://packagist.org/downloads/",
            "license": [
                "MIT"
            ],
            "authors": [
                {
                    "name": "U-Zyn Chua",
                    "email": "chua@uzyn.com",
                    "homepage": "http://uzyn.com"
                }
            ],
            "description": "Google strategy for Opauth",
            "homepage": "http://opauth.org",
            "keywords": [
                "Authentication",
                "auth",
                "google"
            ],
            "time": "2012-10-18 07:39:52"
        },
        {
            "name": "opauth/opauth",
            "version": "0.4.4",
            "source": {
                "type": "git",
                "url": "https://github.com/opauth/opauth.git",
                "reference": "0.4.4"
            },
            "dist": {
                "type": "zip",
                "url": "https://api.github.com/repos/opauth/opauth/zipball/0.4.4",
                "reference": "0.4.4",
                "shasum": ""
            },
            "require": {
                "php": ">=5.2.0"
            },
            "suggest": {
                "opauth/facebook": "Allows Facebook authentication",
                "opauth/google": "Allows Google authentication",
                "opauth/twitter": "Allows Twitter authentication"
            },
            "type": "library",
            "autoload": {
                "classmap": [
                    "lib/Opauth/"
                ]
            },
            "notification-url": "https://packagist.org/downloads/",
            "license": [
                "MIT"
            ],
            "authors": [
                {
                    "name": "U-Zyn Chua",
                    "email": "chua@uzyn.com",
                    "homepage": "http://uzyn.com"
                }
            ],
            "description": "Multi-provider authentication framework for PHP",
            "homepage": "http://opauth.org",
            "keywords": [
                "Authentication",
                "OpenId",
                "auth",
                "facebook",
                "google",
                "oauth",
                "omniauth",
                "twitter"
            ],
            "time": "2013-05-10 09:01:52"
        },
        {
            "name": "opauth/twitter",
            "version": "0.3.1",
            "source": {
                "type": "git",
                "url": "https://github.com/opauth/twitter.git",
                "reference": "0.3.1"
            },
            "dist": {
                "type": "zip",
                "url": "https://api.github.com/repos/opauth/twitter/zipball/0.3.1",
                "reference": "0.3.1",
                "shasum": ""
            },
            "require": {
                "opauth/opauth": ">=0.2.0",
                "php": ">=5.2.0"
            },
            "type": "library",
            "autoload": {
                "psr-0": {
                    "": "."
                }
            },
            "notification-url": "https://packagist.org/downloads/",
            "license": [
                "MIT"
            ],
            "authors": [
                {
                    "name": "U-Zyn Chua",
                    "email": "chua@uzyn.com",
                    "homepage": "http://uzyn.com"
                }
            ],
            "description": "Twitter strategy for Opauth",
            "homepage": "http://opauth.org",
            "keywords": [
                "Authentication",
                "auth",
                "twitter"
            ],
            "time": "2013-06-12 07:50:11"
        },
        {
            "name": "romaninsh/documenting",
            "version": "dev-master",
            "source": {
                "type": "git",
                "url": "https://github.com/romaninsh/documenting.git",
                "reference": "ddd80e43a99ef579a4debf0b3ef072bdeb12849f"
            },
            "dist": {
                "type": "zip",
                "url": "https://api.github.com/repos/romaninsh/documenting/zipball/ddd80e43a99ef579a4debf0b3ef072bdeb12849f",
                "reference": "ddd80e43a99ef579a4debf0b3ef072bdeb12849f",
                "shasum": ""
            },
            "require": {
                "atk4/atk4": ">=4.2",
                "php": ">=5.3"
            },
            "type": "library",
            "autoload": {
                "psr-0": {
                    "romaninsh\\documenting": "lib"
                }
            },
            "notification-url": "https://packagist.org/downloads/",
            "license": [
                "AGPL"
            ],
            "authors": [
                {
                    "name": "Romans Malinovskis",
                    "email": "romans@agiletoolkit.org"
                }
            ],
            "description": "Documenting tools for Agile Toolkit",
            "homepage": "http://github.com/romaninsh/documenting",
            "keywords": [
                "atk4"
            ],
            "time": "2013-08-01 12:53:35"
        },
        {
            "name": "romaninsh/opauth",
            "version": "dev-master",
            "source": {
                "type": "git",
                "url": "https://github.com/romaninsh/opauth.git",
                "reference": "27debabdfe9320a77379fe5f5dc43aab73a9ce83"
            },
            "dist": {
                "type": "zip",
                "url": "https://api.github.com/repos/romaninsh/opauth/zipball/27debabdfe9320a77379fe5f5dc43aab73a9ce83",
                "reference": "27debabdfe9320a77379fe5f5dc43aab73a9ce83",
                "shasum": ""
            },
            "require": {
                "opauth/opauth": ">=0.4.3",
                "php": ">=5.3"
            },
            "type": "library",
            "autoload": {
                "psr-0": {
                    "romaninsh\\opauth": "lib"
                }
            },
            "notification-url": "https://packagist.org/downloads/",
            "license": [
                "AGPL"
            ],
            "authors": [
                {
                    "name": "Romans Malinovskis",
                    "email": "romans@agiletoolkit.org"
                }
            ],
            "description": "Opauth.org integration in Agile Toolkit",
            "homepage": "http://github.com/romaninsh/opauth",
            "keywords": [
                "atk4"
            ],
            "time": "2013-06-19 15:36:50"
        },
        {
            "name": "symfony/event-dispatcher",
            "version": "v2.3.4",
            "target-dir": "Symfony/Component/EventDispatcher",
            "source": {
                "type": "git",
                "url": "https://github.com/symfony/EventDispatcher.git",
                "reference": "41c9826457c65fa3cf746f214985b7ca9cba42f8"
            },
            "dist": {
                "type": "zip",
                "url": "https://api.github.com/repos/symfony/EventDispatcher/zipball/41c9826457c65fa3cf746f214985b7ca9cba42f8",
                "reference": "41c9826457c65fa3cf746f214985b7ca9cba42f8",
                "shasum": ""
            },
            "require": {
                "php": ">=5.3.3"
            },
            "require-dev": {
                "symfony/dependency-injection": "~2.0"
            },
            "suggest": {
                "symfony/dependency-injection": "",
                "symfony/http-kernel": ""
            },
            "type": "library",
            "extra": {
                "branch-alias": {
                    "dev-master": "2.3-dev"
                }
            },
            "autoload": {
                "psr-0": {
                    "Symfony\\Component\\EventDispatcher\\": ""
                }
            },
            "notification-url": "https://packagist.org/downloads/",
            "license": [
                "MIT"
            ],
            "authors": [
                {
                    "name": "Fabien Potencier",
                    "email": "fabien@symfony.com"
                },
                {
                    "name": "Symfony Community",
                    "homepage": "http://symfony.com/contributors"
                }
            ],
            "description": "Symfony EventDispatcher Component",
            "homepage": "http://symfony.com",
            "time": "2013-07-21 12:12:18"
        },
        {
            "name": "symfony/http-foundation",
            "version": "v2.3.4",
            "target-dir": "Symfony/Component/HttpFoundation",
            "source": {
                "type": "git",
                "url": "https://github.com/symfony/HttpFoundation.git",
                "reference": "fdf130fe65457aedbc4639a22f4ef9d3be5c002c"
            },
            "dist": {
                "type": "zip",
                "url": "https://api.github.com/repos/symfony/HttpFoundation/zipball/fdf130fe65457aedbc4639a22f4ef9d3be5c002c",
                "reference": "fdf130fe65457aedbc4639a22f4ef9d3be5c002c",
                "shasum": ""
            },
            "require": {
                "php": ">=5.3.3"
            },
            "type": "library",
            "extra": {
                "branch-alias": {
                    "dev-master": "2.3-dev"
                }
            },
            "autoload": {
                "psr-0": {
                    "Symfony\\Component\\HttpFoundation\\": ""
                },
                "classmap": [
                    "Symfony/Component/HttpFoundation/Resources/stubs"
                ]
            },
            "notification-url": "https://packagist.org/downloads/",
            "license": [
                "MIT"
            ],
            "authors": [
                {
                    "name": "Fabien Potencier",
                    "email": "fabien@symfony.com"
                },
                {
                    "name": "Symfony Community",
                    "homepage": "http://symfony.com/contributors"
                }
            ],
            "description": "Symfony HttpFoundation Component",
            "homepage": "http://symfony.com",
            "time": "2013-08-26 05:49:51"
        }
    ],
    "packages-dev": [

    ],
    "aliases": [

    ],
    "minimum-stability": "stable",
    "stability-flags": {
        "atk4/atk4": 20,
        "romaninsh/documenting": 20,
        "romaninsh/opauth": 20,
        "dflydev/markdown": 20
    },
    "platform": [

    ],
    "platform-dev": [

    ]
}
